// !$*UTF8*$!
{
	archiveVersion = 1;
	classes = {
	};
	objectVersion = 46;
	objects = {

/* Begin PBXBuildFile section */
		D222BD621CC44C4F009E79C0 /* AppDelegate.swift in Sources */ = {isa = PBXBuildFile; fileRef = D222BD611CC44C4F009E79C0 /* AppDelegate.swift */; };
		D222BD641CC44C4F009E79C0 /* ViewController.swift in Sources */ = {isa = PBXBuildFile; fileRef = D222BD631CC44C4F009E79C0 /* ViewController.swift */; };
		D222BD671CC44C4F009E79C0 /* Main.storyboard in Resources */ = {isa = PBXBuildFile; fileRef = D222BD651CC44C4F009E79C0 /* Main.storyboard */; };
		D222BD6A1CC44C4F009E79C0 /* BLEUnderstandingTest.xcdatamodeld in Sources */ = {isa = PBXBuildFile; fileRef = D222BD681CC44C4F009E79C0 /* BLEUnderstandingTest.xcdatamodeld */; };
		D222BD6C1CC44C4F009E79C0 /* Assets.xcassets in Resources */ = {isa = PBXBuildFile; fileRef = D222BD6B1CC44C4F009E79C0 /* Assets.xcassets */; };
		D222BD6F1CC44C4F009E79C0 /* LaunchScreen.storyboard in Resources */ = {isa = PBXBuildFile; fileRef = D222BD6D1CC44C4F009E79C0 /* LaunchScreen.storyboard */; };
		D222BD7A1CC44C4F009E79C0 /* BLEUnderstandingTestTests.swift in Sources */ = {isa = PBXBuildFile; fileRef = D222BD791CC44C4F009E79C0 /* BLEUnderstandingTestTests.swift */; };
		D222BD851CC44C4F009E79C0 /* BLEUnderstandingTestUITests.swift in Sources */ = {isa = PBXBuildFile; fileRef = D222BD841CC44C4F009E79C0 /* BLEUnderstandingTestUITests.swift */; };
		D222BD931CC44CE3009E79C0 /* CoreBluetooth.framework in Frameworks */ = {isa = PBXBuildFile; fileRef = D222BD921CC44CE3009E79C0 /* CoreBluetooth.framework */; };
		D222BD951CC44DC8009E79C0 /* BLEManager.swift in Sources */ = {isa = PBXBuildFile; fileRef = D222BD941CC44DC8009E79C0 /* BLEManager.swift */; };
/* End PBXBuildFile section */

/* Begin PBXContainerItemProxy section */
		D222BD761CC44C4F009E79C0 /* PBXContainerItemProxy */ = {
			isa = PBXContainerItemProxy;
			containerPortal = D222BD561CC44C4E009E79C0 /* Project object */;
			proxyType = 1;
			remoteGlobalIDString = D222BD5D1CC44C4E009E79C0;
			remoteInfo = BLEUnderstandingTest;
		};
		D222BD811CC44C4F009E79C0 /* PBXContainerItemProxy */ = {
			isa = PBXContainerItemProxy;
			containerPortal = D222BD561CC44C4E009E79C0 /* Project object */;
			proxyType = 1;
			remoteGlobalIDString = D222BD5D1CC44C4E009E79C0;
			remoteInfo = BLEUnderstandingTest;
		};
/* End PBXContainerItemProxy section */

/* Begin PBXFileReference section */
		D222BD5E1CC44C4E009E79C0 /* BLEUnderstandingTest.app */ = {isa = PBXFileReference; explicitFileType = wrapper.application; includeInIndex = 0; path = BLEUnderstandingTest.app; sourceTree = BUILT_PRODUCTS_DIR; };
		D222BD611CC44C4F009E79C0 /* AppDelegate.swift */ = {isa = PBXFileReference; lastKnownFileType = sourcecode.swift; path = AppDelegate.swift; sourceTree = "<group>"; };
		D222BD631CC44C4F009E79C0 /* ViewController.swift */ = {isa = PBXFileReference; lastKnownFileType = sourcecode.swift; path = ViewController.swift; sourceTree = "<group>"; };
		D222BD661CC44C4F009E79C0 /* Base */ = {isa = PBXFileReference; lastKnownFileType = file.storyboard; name = Base; path = Base.lproj/Main.storyboard; sourceTree = "<group>"; };
		D222BD691CC44C4F009E79C0 /* BLEUnderstandingTest.xcdatamodel */ = {isa = PBXFileReference; lastKnownFileType = wrapper.xcdatamodel; path = BLEUnderstandingTest.xcdatamodel; sourceTree = "<group>"; };
		D222BD6B1CC44C4F009E79C0 /* Assets.xcassets */ = {isa = PBXFileReference; lastKnownFileType = folder.assetcatalog; path = Assets.xcassets; sourceTree = "<group>"; };
		D222BD6E1CC44C4F009E79C0 /* Base */ = {isa = PBXFileReference; lastKnownFileType = file.storyboard; name = Base; path = Base.lproj/LaunchScreen.storyboard; sourceTree = "<group>"; };
		D222BD701CC44C4F009E79C0 /* Info.plist */ = {isa = PBXFileReference; lastKnownFileType = text.plist.xml; path = Info.plist; sourceTree = "<group>"; };
		D222BD751CC44C4F009E79C0 /* BLEUnderstandingTestTests.xctest */ = {isa = PBXFileReference; explicitFileType = wrapper.cfbundle; includeInIndex = 0; path = BLEUnderstandingTestTests.xctest; sourceTree = BUILT_PRODUCTS_DIR; };
		D222BD791CC44C4F009E79C0 /* BLEUnderstandingTestTests.swift */ = {isa = PBXFileReference; lastKnownFileType = sourcecode.swift; path = BLEUnderstandingTestTests.swift; sourceTree = "<group>"; };
		D222BD7B1CC44C4F009E79C0 /* Info.plist */ = {isa = PBXFileReference; lastKnownFileType = text.plist.xml; path = Info.plist; sourceTree = "<group>"; };
		D222BD801CC44C4F009E79C0 /* BLEUnderstandingTestUITests.xctest */ = {isa = PBXFileReference; explicitFileType = wrapper.cfbundle; includeInIndex = 0; path = BLEUnderstandingTestUITests.xctest; sourceTree = BUILT_PRODUCTS_DIR; };
		D222BD841CC44C4F009E79C0 /* BLEUnderstandingTestUITests.swift */ = {isa = PBXFileReference; lastKnownFileType = sourcecode.swift; path = BLEUnderstandingTestUITests.swift; sourceTree = "<group>"; };
		D222BD861CC44C4F009E79C0 /* Info.plist */ = {isa = PBXFileReference; lastKnownFileType = text.plist.xml; path = Info.plist; sourceTree = "<group>"; };
		D222BD921CC44CE3009E79C0 /* CoreBluetooth.framework */ = {isa = PBXFileReference; lastKnownFileType = wrapper.framework; name = CoreBluetooth.framework; path = System/Library/Frameworks/CoreBluetooth.framework; sourceTree = SDKROOT; };
		D222BD941CC44DC8009E79C0 /* BLEManager.swift */ = {isa = PBXFileReference; fileEncoding = 4; lastKnownFileType = sourcecode.swift; path = BLEManager.swift; sourceTree = "<group>"; };
/* End PBXFileReference section */

/* Begin PBXFrameworksBuildPhase section */
		D222BD5B1CC44C4E009E79C0 /* Frameworks */ = {
			isa = PBXFrameworksBuildPhase;
			buildActionMask = 2147483647;
			files = (
				D222BD931CC44CE3009E79C0 /* CoreBluetooth.framework in Frameworks */,
			);
			runOnlyForDeploymentPostprocessing = 0;
		};
		D222BD721CC44C4F009E79C0 /* Frameworks */ = {
			isa = PBXFrameworksBuildPhase;
			buildActionMask = 2147483647;
			files = (
			);
			runOnlyForDeploymentPostprocessing = 0;
		};
		D222BD7D1CC44C4F009E79C0 /* Frameworks */ = {
			isa = PBXFrameworksBuildPhase;
			buildActionMask = 2147483647;
			files = (
			);
			runOnlyForDeploymentPostprocessing = 0;
		};
/* End PBXFrameworksBuildPhase section */

/* Begin PBXGroup section */
		D222BD551CC44C4E009E79C0 = {
			isa = PBXGroup;
			children = (
				D222BD921CC44CE3009E79C0 /* CoreBluetooth.framework */,
				D222BD601CC44C4F009E79C0 /* BLEUnderstandingTest */,
				D222BD781CC44C4F009E79C0 /* BLEUnderstandingTestTests */,
				D222BD831CC44C4F009E79C0 /* BLEUnderstandingTestUITests */,
				D222BD5F1CC44C4E009E79C0 /* Products */,
			);
			sourceTree = "<group>";
		};
		D222BD5F1CC44C4E009E79C0 /* Products */ = {
			isa = PBXGroup;
			children = (
				D222BD5E1CC44C4E009E79C0 /* BLEUnderstandingTest.app */,
				D222BD751CC44C4F009E79C0 /* BLEUnderstandingTestTests.xctest */,
				D222BD801CC44C4F009E79C0 /* BLEUnderstandingTestUITests.xctest */,
			);
			name = Products;
			sourceTree = "<group>";
		};
		D222BD601CC44C4F009E79C0 /* BLEUnderstandingTest */ = {
			isa = PBXGroup;
			children = (
				D222BD611CC44C4F009E79C0 /* AppDelegate.swift */,
				D222BD631CC44C4F009E79C0 /* ViewController.swift */,
				D222BD651CC44C4F009E79C0 /* Main.storyboard */,
				D222BD6B1CC44C4F009E79C0 /* Assets.xcassets */,
				D222BD6D1CC44C4F009E79C0 /* LaunchScreen.storyboard */,
				D222BD701CC44C4F009E79C0 /* Info.plist */,
				D222BD681CC44C4F009E79C0 /* BLEUnderstandingTest.xcdatamodeld */,
				D222BD941CC44DC8009E79C0 /* BLEManager.swift */,
			);
			path = BLEUnderstandingTest;
			sourceTree = "<group>";
		};
		D222BD781CC44C4F009E79C0 /* BLEUnderstandingTestTests */ = {
			isa = PBXGroup;
			children = (
				D222BD791CC44C4F009E79C0 /* BLEUnderstandingTestTests.swift */,
				D222BD7B1CC44C4F009E79C0 /* Info.plist */,
			);
			path = BLEUnderstandingTestTests;
			sourceTree = "<group>";
		};
		D222BD831CC44C4F009E79C0 /* BLEUnderstandingTestUITests */ = {
			isa = PBXGroup;
			children = (
				D222BD841CC44C4F009E79C0 /* BLEUnderstandingTestUITests.swift */,
				D222BD861CC44C4F009E79C0 /* Info.plist */,
			);
			path = BLEUnderstandingTestUITests;
			sourceTree = "<group>";
		};
/* End PBXGroup section */

/* Begin PBXNativeTarget section */
		D222BD5D1CC44C4E009E79C0 /* BLEUnderstandingTest */ = {
			isa = PBXNativeTarget;
			buildConfigurationList = D222BD891CC44C4F009E79C0 /* Build configuration list for PBXNativeTarget "BLEUnderstandingTest" */;
			buildPhases = (
				D222BD5A1CC44C4E009E79C0 /* Sources */,
				D222BD5B1CC44C4E009E79C0 /* Frameworks */,
				D222BD5C1CC44C4E009E79C0 /* Resources */,
			);
			buildRules = (
			);
			dependencies = (
			);
			name = BLEUnderstandingTest;
			productName = BLEUnderstandingTest;
			productReference = D222BD5E1CC44C4E009E79C0 /* BLEUnderstandingTest.app */;
			productType = "com.apple.product-type.application";
		};
		D222BD741CC44C4F009E79C0 /* BLEUnderstandingTestTests */ = {
			isa = PBXNativeTarget;
			buildConfigurationList = D222BD8C1CC44C4F009E79C0 /* Build configuration list for PBXNativeTarget "BLEUnderstandingTestTests" */;
			buildPhases = (
				D222BD711CC44C4F009E79C0 /* Sources */,
				D222BD721CC44C4F009E79C0 /* Frameworks */,
				D222BD731CC44C4F009E79C0 /* Resources */,
			);
			buildRules = (
			);
			dependencies = (
				D222BD771CC44C4F009E79C0 /* PBXTargetDependency */,
			);
			name = BLEUnderstandingTestTests;
			productName = BLEUnderstandingTestTests;
			productReference = D222BD751CC44C4F009E79C0 /* BLEUnderstandingTestTests.xctest */;
			productType = "com.apple.product-type.bundle.unit-test";
		};
		D222BD7F1CC44C4F009E79C0 /* BLEUnderstandingTestUITests */ = {
			isa = PBXNativeTarget;
			buildConfigurationList = D222BD8F1CC44C4F009E79C0 /* Build configuration list for PBXNativeTarget "BLEUnderstandingTestUITests" */;
			buildPhases = (
				D222BD7C1CC44C4F009E79C0 /* Sources */,
				D222BD7D1CC44C4F009E79C0 /* Frameworks */,
				D222BD7E1CC44C4F009E79C0 /* Resources */,
			);
			buildRules = (
			);
			dependencies = (
				D222BD821CC44C4F009E79C0 /* PBXTargetDependency */,
			);
			name = BLEUnderstandingTestUITests;
			productName = BLEUnderstandingTestUITests;
			productReference = D222BD801CC44C4F009E79C0 /* BLEUnderstandingTestUITests.xctest */;
			productType = "com.apple.product-type.bundle.ui-testing";
		};
/* End PBXNativeTarget section */

/* Begin PBXProject section */
		D222BD561CC44C4E009E79C0 /* Project object */ = {
			isa = PBXProject;
			attributes = {
				LastSwiftUpdateCheck = 0730;
				LastUpgradeCheck = 0730;
				ORGANIZATIONNAME = Apargo;
				TargetAttributes = {
					D222BD5D1CC44C4E009E79C0 = {
						CreatedOnToolsVersion = 7.3;
					};
					D222BD741CC44C4F009E79C0 = {
						CreatedOnToolsVersion = 7.3;
						TestTargetID = D222BD5D1CC44C4E009E79C0;
					};
					D222BD7F1CC44C4F009E79C0 = {
						CreatedOnToolsVersion = 7.3;
						TestTargetID = D222BD5D1CC44C4E009E79C0;
					};
				};
			};
			buildConfigurationList = D222BD591CC44C4E009E79C0 /* Build configuration list for PBXProject "BLEUnderstandingTest" */;
			compatibilityVersion = "Xcode 3.2";
			developmentRegion = English;
			hasScannedForEncodings = 0;
			knownRegions = (
				en,
				Base,
			);
			mainGroup = D222BD551CC44C4E009E79C0;
			productRefGroup = D222BD5F1CC44C4E009E79C0 /* Products */;
			projectDirPath = "";
			projectRoot = "";
			targets = (
				D222BD5D1CC44C4E009E79C0 /* BLEUnderstandingTest */,
				D222BD741CC44C4F009E79C0 /* BLEUnderstandingTestTests */,
				D222BD7F1CC44C4F009E79C0 /* BLEUnderstandingTestUITests */,
			);
		};
/* End PBXProject section */

/* Begin PBXResourcesBuildPhase section */
		D222BD5C1CC44C4E009E79C0 /* Resources */ = {
			isa = PBXResourcesBuildPhase;
			buildActionMask = 2147483647;
			files = (
				D222BD6F1CC44C4F009E79C0 /* LaunchScreen.storyboard in Resources */,
				D222BD6C1CC44C4F009E79C0 /* Assets.xcassets in Resources */,
				D222BD671CC44C4F009E79C0 /* Main.storyboard in Resources */,
			);
			runOnlyForDeploymentPostprocessing = 0;
		};
		D222BD731CC44C4F009E79C0 /* Resources */ = {
			isa = PBXResourcesBuildPhase;
			buildActionMask = 2147483647;
			files = (
			);
			runOnlyForDeploymentPostprocessing = 0;
		};
		D222BD7E1CC44C4F009E79C0 /* Resources */ = {
			isa = PBXResourcesBuildPhase;
			buildActionMask = 2147483647;
			files = (
			);
			runOnlyForDeploymentPostprocessing = 0;
		};
/* End PBXResourcesBuildPhase section */

/* Begin PBXSourcesBuildPhase section */
		D222BD5A1CC44C4E009E79C0 /* Sources */ = {
			isa = PBXSourcesBuildPhase;
			buildActionMask = 2147483647;
			files = (
				D222BD6A1CC44C4F009E79C0 /* BLEUnderstandingTest.xcdatamodeld in Sources */,
				D222BD951CC44DC8009E79C0 /* BLEManager.swift in Sources */,
				D222BD641CC44C4F009E79C0 /* ViewController.swift in Sources */,
				D222BD621CC44C4F009E79C0 /* AppDelegate.swift in Sources */,
			);
			runOnlyForDeploymentPostprocessing = 0;
		};
		D222BD711CC44C4F009E79C0 /* Sources */ = {
			isa = PBXSourcesBuildPhase;
			buildActionMask = 2147483647;
			files = (
				D222BD7A1CC44C4F009E79C0 /* BLEUnderstandingTestTests.swift in Sources */,
			);
			runOnlyForDeploymentPostprocessing = 0;
		};
		D222BD7C1CC44C4F009E79C0 /* Sources */ = {
			isa = PBXSourcesBuildPhase;
			buildActionMask = 2147483647;
			files = (
				D222BD851CC44C4F009E79C0 /* BLEUnderstandingTestUITests.swift in Sources */,
			);
			runOnlyForDeploymentPostprocessing = 0;
		};
/* End PBXSourcesBuildPhase section */

/* Begin PBXTargetDependency section */
		D222BD771CC44C4F009E79C0 /* PBXTargetDependency */ = {
			isa = PBXTargetDependency;
			target = D222BD5D1CC44C4E009E79C0 /* BLEUnderstandingTest */;
			targetProxy = D222BD761CC44C4F009E79C0 /* PBXContainerItemProxy */;
		};
		D222BD821CC44C4F009E79C0 /* PBXTargetDependency */ = {
			isa = PBXTargetDependency;
			target = D222BD5D1CC44C4E009E79C0 /* BLEUnderstandingTest */;
			targetProxy = D222BD811CC44C4F009E79C0 /* PBXContainerItemProxy */;
		};
/* End PBXTargetDependency section */

/* Begin PBXVariantGroup section */
		D222BD651CC44C4F009E79C0 /* Main.storyboard */ = {
			isa = PBXVariantGroup;
			children = (
				D222BD661CC44C4F009E79C0 /* Base */,
			);
			name = Main.storyboard;
			sourceTree = "<group>";
		};
		D222BD6D1CC44C4F009E79C0 /* LaunchScreen.storyboard */ = {
			isa = PBXVariantGroup;
			children = (
				D222BD6E1CC44C4F009E79C0 /* Base */,
			);
			name = LaunchScreen.storyboard;
			sourceTree = "<group>";
		};
/* End PBXVariantGroup section */

/* Begin XCBuildConfiguration section */
		D222BD871CC44C4F009E79C0 /* Debug */ = {
			isa = XCBuildConfiguration;
			buildSettings = {
				ALWAYS_SEARCH_USER_PATHS = NO;
				CLANG_ANALYZER_NONNULL = YES;
				CLANG_CXX_LANGUAGE_STANDARD = "gnu++0x";
				CLANG_CXX_LIBRARY = "libc++";
				CLANG_ENABLE_MODULES = YES;
				CLANG_ENABLE_OBJC_ARC = YES;
				CLANG_WARN_BOOL_CONVERSION = YES;
				CLANG_WARN_CONSTANT_CONVERSION = YES;
				CLANG_WARN_DIRECT_OBJC_ISA_USAGE = YES_ERROR;
				CLANG_WARN_EMPTY_BODY = YES;
				CLANG_WARN_ENUM_CONVERSION = YES;
				CLANG_WARN_INT_CONVERSION = YES;
				CLANG_WARN_OBJC_ROOT_CLASS = YES_ERROR;
				CLANG_WARN_UNREACHABLE_CODE = YES;
				CLANG_WARN__DUPLICATE_METHOD_MATCH = YES;
				"CODE_SIGN_IDENTITY[sdk=iphoneos*]" = "iPhone Developer";
				COPY_PHASE_STRIP = NO;
				DEBUG_INFORMATION_FORMAT = dwarf;
				ENABLE_STRICT_OBJC_MSGSEND = YES;
				ENABLE_TESTABILITY = YES;
				GCC_C_LANGUAGE_STANDARD = gnu99;
				GCC_DYNAMIC_NO_PIC = NO;
				GCC_NO_COMMON_BLOCKS = YES;
				GCC_OPTIMIZATION_LEVEL = 0;
				GCC_PREPROCESSOR_DEFINITIONS = (
					"DEBUG=1",
					"$(inherited)",
				);
				GCC_WARN_64_TO_32_BIT_CONVERSION = YES;
				GCC_WARN_ABOUT_RETURN_TYPE = YES_ERROR;
				GCC_WARN_UNDECLARED_SELECTOR = YES;
				GCC_WARN_UNINITIALIZED_AUTOS = YES_AGGRESSIVE;
				GCC_WARN_UNUSED_FUNCTION = YES;
				GCC_WARN_UNUSED_VARIABLE = YES;
				IPHONEOS_DEPLOYMENT_TARGET = 9.3;
				MTL_ENABLE_DEBUG_INFO = YES;
				ONLY_ACTIVE_ARCH = YES;
				SDKROOT = iphoneos;
				SWIFT_OPTIMIZATION_LEVEL = "-Onone";
				TARGETED_DEVICE_FAMILY = "1,2";
			};
			name = Debug;
		};
		D222BD881CC44C4F009E79C0 /* Release */ = {
			isa = XCBuildConfiguration;
			buildSettings = {
				ALWAYS_SEARCH_USER_PATHS = NO;
				CLANG_ANALYZER_NONNULL = YES;
				CLANG_CXX_LANGUAGE_STANDARD = "gnu++0x";
				CLANG_CXX_LIBRARY = "libc++";
				CLANG_ENABLE_MODULES = YES;
				CLANG_ENABLE_OBJC_ARC = YES;
				CLANG_WARN_BOOL_CONVERSION = YES;
				CLANG_WARN_CONSTANT_CONVERSION = YES;
				CLANG_WARN_DIRECT_OBJC_ISA_USAGE = YES_ERROR;
				CLANG_WARN_EMPTY_BODY = YES;
				CLANG_WARN_ENUM_CONVERSION = YES;
				CLANG_WARN_INT_CONVERSION = YES;
				CLANG_WARN_OBJC_ROOT_CLASS = YES_ERROR;
				CLANG_WARN_UNREACHABLE_CODE = YES;
				CLANG_WARN__DUPLICATE_METHOD_MATCH = YES;
				"CODE_SIGN_IDENTITY[sdk=iphoneos*]" = "iPhone Developer";
				COPY_PHASE_STRIP = NO;
				DEBUG_INFORMATION_FORMAT = "dwarf-with-dsym";
				ENABLE_NS_ASSERTIONS = NO;
				ENABLE_STRICT_OBJC_MSGSEND = YES;
				GCC_C_LANGUAGE_STANDARD = gnu99;
				GCC_NO_COMMON_BLOCKS = YES;
				GCC_WARN_64_TO_32_BIT_CONVERSION = YES;
				GCC_WARN_ABOUT_RETURN_TYPE = YES_ERROR;
				GCC_WARN_UNDECLARED_SELECTOR = YES;
				GCC_WARN_UNINITIALIZED_AUTOS = YES_AGGRESSIVE;
				GCC_WARN_UNUSED_FUNCTION = YES;
				GCC_WARN_UNUSED_VARIABLE = YES;
				IPHONEOS_DEPLOYMENT_TARGET = 9.3;
				MTL_ENABLE_DEBUG_INFO = NO;
				SDKROOT = iphoneos;
				TARGETED_DEVICE_FAMILY = "1,2";
				VALIDATE_PRODUCT = YES;
			};
			name = Release;
		};
		D222BD8A1CC44C4F009E79C0 /* Debug */ = {
			isa = XCBuildConfiguration;
			buildSettings = {
				ASSETCATALOG_COMPILER_APPICON_NAME = AppIcon;
				INFOPLIST_FILE = BLEUnderstandingTest/Info.plist;
				LD_RUNPATH_SEARCH_PATHS = "$(inherited) @executable_path/Frameworks";
				PRODUCT_BUNDLE_IDENTIFIER = com.apargo.BLEUnderstandingTest;
				PRODUCT_NAME = "$(TARGET_NAME)";
			};
			name = Debug;
		};
		D222BD8B1CC44C4F009E79C0 /* Release */ = {
			isa = XCBuildConfiguration;
			buildSettings = {
				ASSETCATALOG_COMPILER_APPICON_NAME = AppIcon;
				INFOPLIST_FILE = BLEUnderstandingTest/Info.plist;
				LD_RUNPATH_SEARCH_PATHS = "$(inherited) @executable_path/Frameworks";
				PRODUCT_BUNDLE_IDENTIFIER = com.apargo.BLEUnderstandingTest;
				PRODUCT_NAME = "$(TARGET_NAME)";
			};
			name = Release;
		};
		D222BD8D1CC44C4F009E79C0 /* Debug */ = {
			isa = XCBuildConfiguration;
			buildSettings = {
				BUNDLE_LOADER = "$(TEST_HOST)";
				INFOPLIST_FILE = BLEUnderstandingTestTests/Info.plist;
				LD_RUNPATH_SEARCH_PATHS = "$(inherited) @executable_path/Frameworks @loader_path/Frameworks";
				PRODUCT_BUNDLE_IDENTIFIER = com.apargo.BLEUnderstandingTestTests;
				PRODUCT_NAME = "$(TARGET_NAME)";
				TEST_HOST = "$(BUILT_PRODUCTS_DIR)/BLEUnderstandingTest.app/BLEUnderstandingTest";
			};
			name = Debug;
		};
		D222BD8E1CC44C4F009E79C0 /* Release */ = {
			isa = XCBuildConfiguration;
			buildSettings = {
				BUNDLE_LOADER = "$(TEST_HOST)";
				INFOPLIST_FILE = BLEUnderstandingTestTests/Info.plist;
				LD_RUNPATH_SEARCH_PATHS = "$(inherited) @executable_path/Frameworks @loader_path/Frameworks";
				PRODUCT_BUNDLE_IDENTIFIER = com.apargo.BLEUnderstandingTestTests;
				PRODUCT_NAME = "$(TARGET_NAME)";
				TEST_HOST = "$(BUILT_PRODUCTS_DIR)/BLEUnderstandingTest.app/BLEUnderstandingTest";
			};
			name = Release;
		};
		D222BD901CC44C4F009E79C0 /* Debug */ = {
			isa = XCBuildConfiguration;
			buildSettings = {
				INFOPLIST_FILE = BLEUnderstandingTestUITests/Info.plist;
				LD_RUNPATH_SEARCH_PATHS = "$(inherited) @executable_path/Frameworks @loader_path/Frameworks";
				PRODUCT_BUNDLE_IDENTIFIER = com.apargo.BLEUnderstandingTestUITests;
				PRODUCT_NAME = "$(TARGET_NAME)";
				TEST_TARGET_NAME = BLEUnderstandingTest;
			};
			name = Debug;
		};
		D222BD911CC44C4F009E79C0 /* Release */ = {
			isa = XCBuildConfiguration;
			buildSettings = {
				INFOPLIST_FILE = BLEUnderstandingTestUITests/Info.plist;
				LD_RUNPATH_SEARCH_PATHS = "$(inherited) @executable_path/Frameworks @loader_path/Frameworks";
				PRODUCT_BUNDLE_IDENTIFIER = com.apargo.BLEUnderstandingTestUITests;
				PRODUCT_NAME = "$(TARGET_NAME)";
				TEST_TARGET_NAME = BLEUnderstandingTest;
			};
			name = Release;
		};
/* End XCBuildConfiguration section */

/* Begin XCConfigurationList section */
		D222BD591CC44C4E009E79C0 /* Build configuration list for PBXProject "BLEUnderstandingTest" */ = {
			isa = XCConfigurationList;
			buildConfigurations = (
				D222BD871CC44C4F009E79C0 /* Debug */,
				D222BD881CC44C4F009E79C0 /* Release */,
			);
			defaultConfigurationIsVisible = 0;
			defaultConfigurationName = Release;
		};
		D222BD891CC44C4F009E79C0 /* Build configuration list for PBXNativeTarget "BLEUnderstandingTest" */ = {
			isa = XCConfigurationList;
			buildConfigurations = (
				D222BD8A1CC44C4F009E79C0 /* Debug */,
				D222BD8B1CC44C4F009E79C0 /* Release */,
			);
			defaultConfigurationIsVisible = 0;
		};
		D222BD8C1CC44C4F009E79C0 /* Build configuration list for PBXNativeTarget "BLEUnderstandingTestTests" */ = {
			isa = XCConfigurationList;
			buildConfigurations = (
				D222BD8D1CC44C4F009E79C0 /* Debug */,
				D222BD8E1CC44C4F009E79C0 /* Release */,
			);
			defaultConfigurationIsVisible = 0;
		};
		D222BD8F1CC44C4F009E79C0 /* Build configuration list for PBXNativeTarget "BLEUnderstandingTestUITests" */ = {
			isa = XCConfigurationList;
			buildConfigurations = (
				D222BD901CC44C4F009E79C0 /* Debug */,
				D222BD911CC44C4F009E79C0 /* Release */,
			);
			defaultConfigurationIsVisible = 0;
		};
/* End XCConfigurationList section */

/* Begin XCVersionGroup section */
		D222BD681CC44C4F009E79C0 /* BLEUnderstandingTest.xcdatamodeld */ = {
			isa = XCVersionGroup;
			children = (
				D222BD691CC44C4F009E79C0 /* BLEUnderstandingTest.xcdatamodel */,
			);
			currentVersion = D222BD691CC44C4F009E79C0 /* BLEUnderstandingTest.xcdatamodel */;
			path = BLEUnderstandingTest.xcdatamodeld;
			sourceTree = "<group>";
			versionGroupType = wrapper.xcdatamodel;
		};
/* End XCVersionGroup section */
	};
	rootObject = D222BD561CC44C4E009E79C0 /* Project object */;
}
